
Microsoft Visual Studio Solution File, Format Version 12.00
# Visual Studio Version 17
VisualStudioVersion = 17.2.32630.192
MinimumVisualStudioVersion = 10.0.40219.1
Project("{FAE04EC0-301F-11D3-BF4B-00C04F79EFBC}") = "Ex0_Conversion", "Ex0_Conversion\Ex0_Conversion.csproj", "{A5812564-B224-4E00-9847-F2F4300976B9}"
EndProject
Global
	GlobalSection(SolutionConfigurationPlatforms) = preSolution
		Debug|Any CPU = Debug|Any CPU
		Release|Any CPU = Release|Any CPU
	EndGlobalSection
	GlobalSection(ProjectConfigurationPlatforms) = postSolution
		{A5812564-B224-4E00-9847-F2F4300976B9}.Debug|Any CPU.ActiveCfg = Debug|Any CPU
		{A5812564-B224-4E00-9847-F2F4300976B9}.Debug|Any CPU.Build.0 = Debug|Any CPU
		{A5812564-B224-4E00-9847-F2F4300976B9}.Release|Any CPU.ActiveCfg = Release|Any CPU
		{A5812564-B224-4E00-9847-F2F4300976B9}.Release|Any CPU.Build.0 = Release|Any CPU
	EndGlobalSection
	GlobalSection(SolutionProperties) = preSolution
		HideSolutionNode = FALSE
	EndGlobalSection
	GlobalSection(ExtensibilityGlobals) = postSolution
		SolutionGuid = {AB8498B9-2BC8-4E25-963E-6A6FD410E860}
	EndGlobalSection
EndGlobal
